{
    "_meta": {
        "hash": {
            "sha256": "23b6d5c1ab4bf9e4b8243514d9d7e37f0461752a7be004fcb18474eccc3299cb"
        },
        "pipfile-spec": 6,
        "requires": {
            "python_version": "3.13"
        },
        "sources": [
            {
                "name": "pypi",
                "url": "https://pypi.org/simple",
                "verify_ssl": true
            }
        ]
    },
    "default": {
        "archspec": {
            "hashes": [
                "sha256:5bec8dfc5366ff299071200466dc9572d56db4e43abca3c66bdd62bc2b731a2a",
                "sha256:604bd4115cb4c18e50a22a9b4a1e516706712263790d7d2994aaa595e70082f6"
            ],
            "markers": "python_version not in '2.7, 3.0, 3.1, 3.2, 3.3, 3.4, 3.5' and python_version >= '3.6'",
            "version": "==0.2.5"
        },
        "brotli": {
            "hashes": [
                "sha256:022426c9e99fd65d9475dce5c195526f04bb8be8907607e27e747893f6ee3e24",
                "sha256:072e7624b1fc4d601036ab3f4f27942ef772887e876beff0301d261210bca97f",
                "sha256:09ac247501d1909e9ee47d309be760c89c990defbb2e0240845c892ea5ff0de4",
                "sha256:0bbd5b5ccd157ae7913750476d48099aaf507a79841c0d04a9db4415b14842de",
                "sha256:0cf8c3b8ba93d496b2fae778039e2f5ecc7cff99df84df337ca31d8f2252896c",
                "sha256:14ef29fc5f310d34fc7696426071067462c9292ed98b5ff5a27ac70a200e5470",
                "sha256:15b33fe93cedc4caaff8a0bd1eb7e3dab1c61bb22a0bf5bdfdfd97cd7da79744",
                "sha256:1b1d6a4efedd53671c793be6dd760fcf2107da3a52331ad9ea429edf0902f27a",
                "sha256:1b557b29782a643420e08d75aea889462a4a8796e9a6cf5621ab05a3f7da8ef2",
                "sha256:1b71754d5b6eda54d16fbbed7fce2d8bc6c052a1b91a35c320247946ee103502",
                "sha256:1ce223652fd4ed3eb2b7f78fbea31c52314baecfac68db44037bb4167062a937",
                "sha256:1e68cdf321ad05797ee41d1d09169e09d40fdf51a725bb148bff892ce04583d7",
                "sha256:260d3692396e1895c5034f204f0db022c056f9e2ac841593a4cf9426e2a3faca",
                "sha256:26e8d3ecb0ee458a9804f47f21b74845cc823fd1bb19f02272be70774f56e2a6",
                "sha256:2881416badd2a88a7a14d981c103a52a23a276a553a8aacc1346c2ff47c8dc17",
                "sha256:29b7e6716ee4ea0c59e3b241f682204105f7da084d6254ec61886508efeb43bc",
                "sha256:2a7f1d03727130fc875448b65b127a9ec5d06d19d0148e7554384229706f9d1b",
                "sha256:2d39b54b968f4b49b5e845758e202b1035f948b0561ff5e6385e855c96625971",
                "sha256:2e1ad3fda65ae0d93fec742a128d72e145c9c7a99ee2fcd667785d99eb25a7fe",
                "sha256:3173e1e57cebb6d1de186e46b5680afbd82fd4301d7b2465beebe83ed317066d",
                "sha256:3219bd9e69868e57183316ee19c84e03e8f8b5a1d1f2667e1aa8c2f91cb061ac",
                "sha256:350c8348f0e76fff0a0fd6c26755d2653863279d086d3aa2c290a6a7251135dd",
                "sha256:35d382625778834a7f3061b15423919aa03e4f5da34ac8e02c074e4b75ab4f84",
                "sha256:3b90b767916ac44e93a8e28ce6adf8d551e43affb512f2377c732d486ac6514e",
                "sha256:3e1b35d56856f3ed326b140d3c6d9db91740f22e14b06e840fe4bb1923439a18",
                "sha256:3ebe801e0f4e56d17cd386ca6600573e3706ce1845376307f5d2cbd32149b69a",
                "sha256:3f3c908bcc404c90c77d5a073e55271a0a498f4e0756e48127c35d91cf155947",
                "sha256:40d918bce2b427a0c4ba189df7a006ac0c7277c180aee4617d99e9ccaaf59e6a",
                "sha256:465a0d012b3d3e4f1d6146ea019b5c11e3e87f03d1676da1cc3833462e672fb0",
                "sha256:4735a10f738cb5516905a121f32b24ce196ab82cfc1e4ba2e3ad1b371085fd46",
                "sha256:4ecdb3b6dc36e6d6e14d3a1bdc6c1057c8cbf80db04031d566eb6080ce283a48",
                "sha256:50b1b799f45da91292ffaa21a473ab3a3054fa78560e8ff67082a185274431c8",
                "sha256:54a50a9dad16b32136b2241ddea9e4df159b41247b2ce6aac0b3276a66a8f1e5",
                "sha256:5732eff8973dd995549a18ecbd8acd692ac611c5c0bb3f59fa3541ae27b33be3",
                "sha256:598e88c736f63a0efec8363f9eb34e5b5536b7b6b1821e401afcb501d881f59a",
                "sha256:640fe199048f24c474ec6f3eae67c48d286de12911110437a36a87d7c89573a6",
                "sha256:66c02c187ad250513c2f4fce973ef402d22f80e0adce734ee4e4efd657b6cb64",
                "sha256:67a91c5187e1eec76a61625c77a6c8c785650f5b576ca732bd33ef58b0dff49c",
                "sha256:6be67c19e0b0c56365c6a76e393b932fb0e78b3b56b711d180dd7013cb1fd984",
                "sha256:6c12dad5cd04530323e723787ff762bac749a7b256a5bece32b2243dd5c27b21",
                "sha256:71a66c1c9be66595d628467401d5976158c97888c2c9379c034e1e2312c5b4f5",
                "sha256:7274942e69b17f9cef76691bcf38f2b2d4c8a5f5dba6ec10958363dcb3308a0a",
                "sha256:7547369c4392b47d30a3467fe8c3330b4f2e0f7730e45e3103d7d636678a808b",
                "sha256:7a47ce5c2288702e09dc22a44d0ee6152f2c7eda97b3c8482d826a1f3cfc7da7",
                "sha256:7a61c06b334bd99bc5ae84f1eeb36bfe01400264b3c352f968c6e30a10f9d08b",
                "sha256:7ad8cec81f34edf44a1c6a7edf28e7b7806dfb8886e371d95dcf789ccd4e4982",
                "sha256:7e9053f5fb4e0dfab89243079b3e217f2aea4085e4d58c5c06115fc34823707f",
                "sha256:7fa18d65a213abcfbb2f6cafbb4c58863a8bd6f2103d65203c520ac117d1944b",
                "sha256:81da1b229b1889f25adadc929aeb9dbc4e922bd18561b65b08dd9343cfccca84",
                "sha256:82676c2781ecf0ab23833796062786db04648b7aae8be139f6b8065e5e7b1518",
                "sha256:832c115a020e463c2f67664560449a7bea26b0c1fdd690352addad6d0a08714d",
                "sha256:844a8ceb8483fefafc412f85c14f2aae2fb69567bf2a0de53cdb88b73e7c43ae",
                "sha256:865cedc7c7c303df5fad14a57bc5db1d4f4f9b2b4d0a7523ddd206f00c121a16",
                "sha256:88ef7d55b7bcf3331572634c3fd0ed327d237ceb9be6066810d39020a3ebac7a",
                "sha256:898be2be399c221d2671d29eed26b6b2713a02c2119168ed914e7d00ceadb56f",
                "sha256:8d4f47f284bdd28629481c97b5f29ad67544fa258d9091a6ed1fda47c7347cd1",
                "sha256:92edab1e2fd6cd5ca605f57d4545b6599ced5dea0fd90b2bcdf8b247a12bd190",
                "sha256:9322b9f8656782414b37e6af884146869d46ab85158201d82bab9abbcb971dc7",
                "sha256:95db242754c21a88a79e01504912e537808504465974ebb92931cfca2510469e",
                "sha256:963a08f3bebd8b75ac57661045402da15991468a621f014be54e50f53a58d19e",
                "sha256:96fbe82a58cdb2f872fa5d87dedc8477a12993626c446de794ea025bbda625ea",
                "sha256:99cfa69813d79492f0e5d52a20fd18395bc82e671d5d40bd5a91d13e75e468e8",
                "sha256:9c79f57faa25d97900bfb119480806d783fba83cd09ee0b33c17623935b05fa3",
                "sha256:9e5825ba2c9998375530504578fd4d5d1059d09621a02065d1b6bfc41a8e05ab",
                "sha256:9fe11467c42c133f38d42289d0861b6b4f9da31e8087ca2c0d7ebb4543625526",
                "sha256:a1778532b978d2536e79c05dac2d8cd857f6c55cd0c95ace5b03740824e0e2f1",
                "sha256:a387225a67f619bf16bd504c37655930f910eb03675730fc2ad69d3d8b5e7e92",
                "sha256:a56ef534b66a749759ebd091c19c03ef81eb8cd96f0d1d16b59127eaf1b97a12",
                "sha256:aa47441fa3026543513139cb8926a92a8e305ee9c71a6209ef7a97d91640ea03",
                "sha256:ac27a70bda257ae3f380ec8310b0a06680236bea547756c277b5dfe55a2452a8",
                "sha256:acec55bb7c90f1dfc476126f9711a8e81c9af7fb617409a9ee2953115343f08d",
                "sha256:adedc4a67e15327dfdd04884873c6d5a01d3e3b6f61406f99b1ed4865a2f6d28",
                "sha256:af43b8711a8264bb4e7d6d9a6d004c3a2019c04c01127a868709ec29962b6036",
                "sha256:b232029d100d393ae3c603c8ffd7e3fe6f798c5e28ddca5feabb8e8fdb732997",
                "sha256:b35c13ce241abdd44cb8ca70683f20c0c079728a36a996297adb5334adfc1c44",
                "sha256:b63daa43d82f0cdabf98dee215b375b4058cce72871fd07934f179885aad16e8",
                "sha256:b908d1a7b28bc72dfb743be0d4d3f8931f8309f810af66c906ae6cd4127c93cb",
                "sha256:ba76177fd318ab7b3b9bf6522be5e84c2ae798754b6cc028665490f6e66b5533",
                "sha256:bba6e7e6cfe1e6cb6eb0b7c2736a6059461de1fa2c0ad26cf845de6c078d16c8",
                "sha256:c0d6770111d1879881432f81c369de5cde6e9467be7c682a983747ec800544e2",
                "sha256:c16ab1ef7bb55651f5836e8e62db1f711d55b82ea08c3b8083ff037157171a69",
                "sha256:c1702888c9f3383cc2f09eb3e88b8babf5965a54afb79649458ec7c3c7a63e96",
                "sha256:c25332657dee6052ca470626f18349fc1fe8855a56218e19bd7a8c6ad4952c49",
                "sha256:c8565e3cdc1808b1a34714b553b262c5de5fbda202285782173ec137fd13709f",
                "sha256:cf9cba6f5b78a2071ec6fb1e7bd39acf35071d90a81231d67e92d637776a6a63",
                "sha256:d206a36b4140fbb5373bf1eb73fb9de589bb06afd0d22376de23c5e91d0ab35f",
                "sha256:d2d085ded05278d1c7f65560aae97b3160aeb2ea2c0b3e26204856beccb60888",
                "sha256:d8c05b1dfb61af28ef37624385b0029df902ca896a639881f594060b30ffc9a7",
                "sha256:e310f77e41941c13340a95976fe66a8a95b01e783d430eeaf7a2f87e0a57dd0a",
                "sha256:e7c0af964e0b4e3412a0ebf341ea26ec767fa0b4cf81abb5e897c9338b5ad6a3",
                "sha256:e80a28f2b150774844c8b454dd288be90d76ba6109670fe33d7ff54d96eb5cb8",
                "sha256:e813da3d2d865e9793ef681d3a6b66fa4b7c19244a45b817d0cceda67e615990",
                "sha256:e85190da223337a6b7431d92c799fca3e2982abd44e7b8dec69938dcc81c8e9e",
                "sha256:e99befa0b48f3cd293dafeacdd0d191804d105d279e0b387a32054c1180f3161",
                "sha256:eda5a6d042c698e28bda2507a89b16555b9aa954ef1d750e1c20473481aff675",
                "sha256:ef87b8ab2704da227e83a246356a2b179ef826f550f794b2c52cddb4efbd0196",
                "sha256:f16dace5e4d3596eaeb8af334b4d2c820d34b8278da633ce4a00020b2eac981c",
                "sha256:f8d635cafbbb0c61327f942df2e3f474dde1cff16c3cd0580564774eaba1ee13",
                "sha256:fc1530af5c3c275b8524f2e24841cbe2599d74462455e9bae5109e9ff42e9361",
                "sha256:ff09cd8c5eec3b9d02d2408db41be150d8891c5566addce57513bf546e3d6c6d"
            ],
            "version": "==1.2.0"
        },
        "certifi": {
            "hashes": [
                "sha256:97de8790030bbd5c2d96b7ec782fc2f7820ef8dba6db909ccf95449f2d062d4b",
                "sha256:d8ab5478f2ecd78af242878415affce761ca6bc54a22a27e026d7c25357c3316"
            ],
            "markers": "python_version >= '3.7'",
            "version": "==2025.11.12"
        },
        "cloudinary": {
            "hashes": [
                "sha256:62d4374b79d5476de2a86cb6a1da709a5429e02aef474bfc5d99f3e38a1a62ff",
                "sha256:b4785031179a5ec7010f46665e5c8fad2cae022c18405546f01d257e02f78b1c"
            ],
            "index": "pypi",
            "version": "==1.44.1"
        },
        "etcpak": {
            "hashes": [
                "sha256:012f92a37a9ae4272627ce4417a81ca28290451d2aca545cc55ba1f7b54eec30",
                "sha256:13954e177dfc0c0643c6069fd9568dc4116cfb0a5cbe5657be93b94bed41c529",
                "sha256:149f5c747be66b1cd84539cfe3373c1360091994c61ba115e3ddc8573a47e180",
                "sha256:17704aca793c20eebb7867d82ed44acb506382007a1711069210a5a7019da759",
                "sha256:198cfce97d27314b09fe253f462a3ae5a36dffd65359434834382305c9e4a009",
                "sha256:217a651a8be00cd5146f97d831a6a5a4d8facbf1ce1d59762b2d5e0bab35e9e1",
                "sha256:2ccd4b43d78ecbf4f53c55343daefdf317947f2ae46537cfd5f0e29414c3c5f5",
                "sha256:2fcf0d0924e5652d2af46808e870904514592b44cc4a047ee20a78ae7c6b009c",
                "sha256:3029d8736e381579c679aa2d6a303d0123110392847d1b932dc142328f63ad8b",
                "sha256:34406279b664aae890fef96f5175cc68bb48b2cb0440c076ab37fb591b181f68",
                "sha256:34bee5cf945e12efa76728aca448932229bd9496c691d5fe12e20783446fd446",
                "sha256:41bfee6e6eb84b6eaade54f11c9c4e2a2f2fbf0dfa6db01a4ce694002ca5d67e",
                "sha256:4412f4f629b5c4d19ce807051151e207f08d8396f448d55721331b2fca76dd10",
                "sha256:4d6f786032911cd8b6af02ceb684a1ce4077d675feec47eb85530ea12bb53a94",
                "sha256:4f6956043a21afbc6e7e0b03e5d27e59707fc4e0c3b45e1540d2a2cc707da639",
                "sha256:50e01c36f357fe4407105c0327b41f259baa48055f764890a42abb259dd6dfbf",
                "sha256:628bad56bd8af49de45b503411e583fe1ae4489e9ad381284032b6c2bc7fbdce",
                "sha256:669d902eeb774bc6d4df226183c09c3d03c9fc0f47b4c0c20030fc2b39eec2f2",
                "sha256:693d4a73451b2d8b3f13da372fae071a2a1a0ac01c783d02c8e000abe8ee4370",
                "sha256:7cc0746ddc2220e84982b48ce62df17a08dfc38ac77bd878b5835139765be8e8",
                "sha256:844c8f44317f1c9a99a1901cb8c6fd1deae4716dc805b685bb47a2eb2b94529c",
                "sha256:8816d6f0bfd47aacd527cbabf4752b4f54a862e0c5cfd4a0527e3d254c760ff6",
                "sha256:8eb717d45d7c316e6201a89f6013ad65c536e3bb5d85da36b6030072f9938726",
                "sha256:9824607176f3d00967488e215c279e21d71a116b547af661e8342c1b0d3ff8e7",
                "sha256:a1f14fb26e47561e98bd8aadf796d5e289506f66f5c27fb6122c04a4c6bd42d7",
                "sha256:a5c4c6ebe3a5aaf907afa14619071cd5bc60857f175491d04cbacedbba561d5c",
                "sha256:a884ec917abc6b44fb4109eebbe8183056f6fe800781d6ac3f88216d15a5ae35",
                "sha256:b168f8d3ebad00ade491a8e3a6a86e47356a943337ab3cccff1c605ac664b525",
                "sha256:b1acf1dc9054aeac3fa6c80e2ec6c529ffc09736320b6de9049710d6b34b6459",
                "sha256:b33aaf98a46cc33ce1f275dab8123713d07cd70d2a3e831231518617e12db021",
                "sha256:b5c794bfe0cb3d8a1d4ff5d823e413b5ac25486a9d995505d785ee4d8886887e",
                "sha256:b7407c83db1b73be12816d56e3ed75a44f39553327aa5a3613b10839c891bac7",
                "sha256:b75248c4869c7fddf1e5bba4be02a504da08cffb17434dcdb5bc618869d4ea0a",
                "sha256:b96260c18ff79387d9b003c9188196c2490bdcd3420496fcf544f246a534c31b",
                "sha256:d224b2578257b6ede4ec19c3769088225130146f314ab705ea08c6abf0817f37",
                "sha256:dddea8c08a94d5ecb742e559beb38624c065765974eb7c3a2fa2c238acaad9c4",
                "sha256:ea27e85f80709c5c575b01e3904d33e0e59ed38b745c2d11703dc4c2de2c528b",
                "sha256:ead1fa47527b9d216be50f65ab4cc728ced93dafea773139026ad6268934fb6f",
                "sha256:fe09e32d8aa75b8163832428c3d6df65a51b2b7e0237292c10c1224ca5728a43"
            ],
            "markers": "python_version >= '3.7'",
            "version": "==0.9.15"
        },
        "fsspec": {
            "hashes": [
                "sha256:7c7712353ae7d875407f97715f0e1ffcc21e33d5b24556cb1e090ae9409ec61d",
                "sha256:b6789427626f068f9a83ca4e8a3cc050850b6c0f71f99ddb4f542b8266a26a59"
            ],
            "markers": "python_version >= '3.9'",
            "version": "==2025.10.0"
        },
        "lz4": {
            "hashes": [
                "sha256:0846e6e78f374156ccf21c631de80967e03cc3c01c373c665789dc0c5431e7fc",
                "sha256:0bba042ec5a61fa77c7e380351a61cb768277801240249841defd2ff0a10742f",
                "sha256:12233624f1bc2cebc414f9efb3113a03e89acce3ab6f72035577bc61b270d24d",
                "sha256:13254bd78fef50105872989a2dc3418ff09aefc7d0765528adc21646a7288294",
                "sha256:15551280f5656d2206b9b43262799c89b25a25460416ec554075a8dc568e4397",
                "sha256:1dd4d91d25937c2441b9fc0f4af01704a2d09f30a38c5798bc1d1b5a15ec9581",
                "sha256:214e37cfe270948ea7eb777229e211c601a3e0875541c1035ab408fbceaddf50",
                "sha256:216ca0c6c90719731c64f41cfbd6f27a736d7e50a10b70fad2a9c9b262ec923d",
                "sha256:24092635f47538b392c4eaeff14c7270d2c8e806bf4be2a6446a378591c5e69e",
                "sha256:28ccaeb7c5222454cd5f60fcd152564205bcb801bd80e125949d2dfbadc76bbd",
                "sha256:2a2b7504d2dffed3fd19d4085fe1cc30cf221263fd01030819bdd8d2bb101cf1",
                "sha256:2c3ea562c3af274264444819ae9b14dbbf1ab070aff214a05e97db6896c7597e",
                "sha256:33dd86cea8375d8e5dd001e41f321d0a4b1eb7985f39be1b6a4f466cd480b8a7",
                "sha256:3b84a42da86e8ad8537aabef062e7f661f4a877d1c74d65606c49d835d36d668",
                "sha256:451039b609b9a88a934800b5fc6ee401c89ad9c175abf2f4d9f8b2e4ef1afc64",
                "sha256:533298d208b58b651662dd972f52d807d48915176e5b032fb4f8c3b6f5fe535c",
                "sha256:5f0b9e53c1e82e88c10d7c180069363980136b9d7a8306c4dca4f760d60c39f0",
                "sha256:609a69c68e7cfcfa9d894dc06be13f2e00761485b62df4e2472f1b66f7b405fb",
                "sha256:61d0ee03e6c616f4a8b69987d03d514e8896c8b1b7cc7598ad029e5c6aedfd43",
                "sha256:66c5de72bf4988e1b284ebdd6524c4bead2c507a2d7f172201572bac6f593901",
                "sha256:67531da3b62f49c939e09d56492baf397175ff39926d0bd5bd2d191ac2bff95f",
                "sha256:6bb05416444fafea170b07181bc70640975ecc2a8c92b3b658c554119519716c",
                "sha256:6d0bf51e7745484d2092b3a51ae6eb58c3bd3ce0300cf2b2c14f76c536d5697a",
                "sha256:713a777de88a73425cf08eb11f742cd2c98628e79a8673d6a52e3c5f0c116f33",
                "sha256:75419bb1a559af00250b8f1360d508444e80ed4b26d9d40ec5b09fe7875cb989",
                "sha256:7b62f94b523c251cf32aa4ab555f14d39bd1a9df385b72443fd76d7c7fb051f5",
                "sha256:7c4e7c44b6a31de77d4dc9772b7d2561937c9588a734681f70ec547cfbc51ecd",
                "sha256:7dc1e1e2dbd872f8fae529acd5e4839efd0b141eaa8ae7ce835a9fe80fbad89f",
                "sha256:83bc23ef65b6ae44f3287c38cbf82c269e2e96a26e560aa551735883388dcc4b",
                "sha256:8a842ead8ca7c0ee2f396ca5d878c4c40439a527ebad2b996b0444f0074ed004",
                "sha256:92159782a4502858a21e0079d77cdcaade23e8a5d252ddf46b0652604300d7be",
                "sha256:9b5e6abca8df9f9bdc5c3085f33ff32cdc86ed04c65e0355506d46a5ac19b6e9",
                "sha256:a1acbbba9edbcbb982bc2cac5e7108f0f553aebac1040fbec67a011a45afa1ba",
                "sha256:a2af2897333b421360fdcce895c6f6281dc3fab018d19d341cf64d043fc8d90d",
                "sha256:a482eecc0b7829c89b498fda883dbd50e98153a116de612ee7c111c8bcf82d1d",
                "sha256:a5f197ffa6fc0e93207b0af71b302e0a2f6f29982e5de0fbda61606dd3a55832",
                "sha256:a88cbb729cc333334ccfb52f070463c21560fca63afcf636a9f160a55fac3301",
                "sha256:b424df1076e40d4e884cfcc4c77d815368b7fb9ebcd7e634f937725cd9a8a72a",
                "sha256:bd85d118316b53ed73956435bee1997bd06cc66dd2fa74073e3b1322bd520a67",
                "sha256:c1cfa663468a189dab510ab231aad030970593f997746d7a324d40104db0d0a9",
                "sha256:c216b6d5275fc060c6280936bb3bb0e0be6126afb08abccde27eed23dead135f",
                "sha256:c8e71b14938082ebaf78144f3b3917ac715f72d14c076f384a4c062df96f9df6",
                "sha256:cdd4bdcbaf35056086d910d219106f6a04e1ab0daa40ec0eeef1626c27d0fddb",
                "sha256:d221fa421b389ab2345640a508db57da36947a437dfe31aeddb8d5c7b646c22d",
                "sha256:d64141085864918392c3159cdad15b102a620a67975c786777874e1e90ef15ce",
                "sha256:d6da84a26b3aa5da13a62e4b89ab36a396e9327de8cd48b436a3467077f8ccd4",
                "sha256:d994b87abaa7a88ceb7a37c90f547b8284ff9da694e6afcfaa8568d739faf3f7",
                "sha256:da68497f78953017deb20edff0dba95641cc86e7423dfadf7c0264e1ac60dc22",
                "sha256:daffa4807ef54b927451208f5f85750c545a4abbff03d740835fc444cd97f758",
                "sha256:df5aa4cead2044bab83e0ebae56e0944cc7fcc1505c7787e9e1057d6d549897e",
                "sha256:e099ddfaa88f59dd8d36c8a3c66bd982b4984edf127eb18e30bb49bdba68ce67",
                "sha256:e64e61f29cf95afb43549063d8433b46352baf0c8a70aa45e2585618fcf59d86",
                "sha256:e928ec2d84dc8d13285b4a9288fd6246c5cde4f5f935b479f50d986911f085e3",
                "sha256:f32b9e65d70f3684532358255dc053f143835c5f5991e28a5ac4c93ce94b9ea7",
                "sha256:f6538aaaedd091d6e5abdaa19b99e6e82697d67518f114721b5248709b639fad",
                "sha256:f9b8bde9909a010c75b3aea58ec3910393b758f3c219beed67063693df854db0",
                "sha256:ff1b50aeeec64df5603f17984e4b5be6166058dcf8f1e26a3da40d7a0f6ab547"
            ],
            "markers": "python_version >= '3.9'",
            "version": "==4.4.5"
        },
        "markdown-it-py": {
            "hashes": [
                "sha256:87327c59b172c5011896038353a81343b6754500a08cd7a4973bb48c6d578147",
                "sha256:cb0a2b4aa34f932c007117b194e945bd74e0ec24133ceb5bac59009cda1cb9f3"
            ],
            "markers": "python_version >= '3.10'",
            "version": "==4.0.0"
        },
        "mdurl": {
            "hashes": [
                "sha256:84008a41e51615a49fc9966191ff91509e3c40b939176e643fd50a5c2196b8f8",
                "sha256:bb413d29f5eea38f31dd4754dd7377d4465116fb207585f97bf925588687c1ba"
            ],
            "markers": "python_version >= '3.7'",
            "version": "==0.1.2"
        },
        "pillow": {
            "hashes": [
                "sha256:0869154a2d0546545cde61d1789a6524319fc1897d9ee31218eae7a60ccc5643",
                "sha256:09f2d0abef9e4e2f349305a4f8cc784a8a6c2f58a8c4892eea13b10a943bd26e",
                "sha256:0b817e7035ea7f6b942c13aa03bb554fc44fea70838ea21f8eb31c638326584e",
                "sha256:0fd00cac9c03256c8b2ff58f162ebcd2587ad3e1f2e397eab718c47e24d231cc",
                "sha256:110486b79f2d112cf6add83b28b627e369219388f64ef2f960fef9ebaf54c642",
                "sha256:1979f4566bb96c1e50a62d9831e2ea2d1211761e5662afc545fa766f996632f6",
                "sha256:1ac11e8ea4f611c3c0147424eae514028b5e9077dd99ab91e1bd7bc33ff145e1",
                "sha256:1b1b133e6e16105f524a8dec491e0586d072948ce15c9b914e41cdadd209052b",
                "sha256:1ee80a59f6ce048ae13cda1abf7fbd2a34ab9ee7d401c46be3ca685d1999a399",
                "sha256:21f241bdd5080a15bc86d3466a9f6074a9c2c2b314100dd896ac81ee6db2f1ba",
                "sha256:266cd5f2b63ff316d5a1bba46268e603c9caf5606d44f38c2873c380950576ad",
                "sha256:26d9f7d2b604cd23aba3e9faf795787456ac25634d82cd060556998e39c6fa47",
                "sha256:27f95b12453d165099c84f8a8bfdfd46b9e4bda9e0e4b65f0635430027f55739",
                "sha256:2c54c1a783d6d60595d3514f0efe9b37c8808746a66920315bfd34a938d7994b",
                "sha256:2fa5f0b6716fc88f11380b88b31fe591a06c6315e955c096c35715788b339e3f",
                "sha256:32ed80ea8a90ee3e6fa08c21e2e091bba6eda8eccc83dbc34c95169507a91f10",
                "sha256:3830c769decf88f1289680a59d4f4c46c72573446352e2befec9a8512104fa52",
                "sha256:38df9b4bfd3db902c9c2bd369bcacaf9d935b2fff73709429d95cc41554f7b3d",
                "sha256:3adfb466bbc544b926d50fe8f4a4e6abd8c6bffd28a26177594e6e9b2b76572b",
                "sha256:3e42edad50b6909089750e65c91aa09aaf1e0a71310d383f11321b27c224ed8a",
                "sha256:4078242472387600b2ce8d93ade8899c12bf33fa89e55ec89fe126e9d6d5d9e9",
                "sha256:455247ac8a4cfb7b9bc45b7e432d10421aea9fc2e74d285ba4072688a74c2e9d",
                "sha256:4cc6b3b2efff105c6a1656cfe59da4fdde2cda9af1c5e0b58529b24525d0a098",
                "sha256:4cf7fed4b4580601c4345ceb5d4cbf5a980d030fd5ad07c4d2ec589f95f09905",
                "sha256:5193fde9a5f23c331ea26d0cf171fbf67e3f247585f50c08b3e205c7aeb4589b",
                "sha256:5269cc1caeedb67e6f7269a42014f381f45e2e7cd42d834ede3c703a1d915fe3",
                "sha256:53561a4ddc36facb432fae7a9d8afbfaf94795414f5cdc5fc52f28c1dca90371",
                "sha256:55f818bd74fe2f11d4d7cbc65880a843c4075e0ac7226bc1a23261dbea531953",
                "sha256:58eea5ebe51504057dd95c5b77d21700b77615ab0243d8152793dc00eb4faf01",
                "sha256:5d5c411a8eaa2299322b647cd932586b1427367fd3184ffbb8f7a219ea2041ca",
                "sha256:6846bd2d116ff42cba6b646edf5bf61d37e5cbd256425fa089fee4ff5c07a99e",
                "sha256:6ace95230bfb7cd79ef66caa064bbe2f2a1e63d93471c3a2e1f1348d9f22d6b7",
                "sha256:6e51b71417049ad6ab14c49608b4a24d8fb3fe605e5dfabfe523b58064dc3d27",
                "sha256:71db6b4c1653045dacc1585c1b0d184004f0d7e694c7b34ac165ca70c0838082",
                "sha256:7438839e9e053ef79f7112c881cef684013855016f928b168b81ed5835f3e75e",
                "sha256:759de84a33be3b178a64c8ba28ad5c135900359e85fb662bc6e403ad4407791d",
                "sha256:792a2c0be4dcc18af9d4a2dfd8a11a17d5e25274a1062b0ec1c2d79c76f3e7f8",
                "sha256:7d87ef5795da03d742bf49439f9ca4d027cde49c82c5371ba52464aee266699a",
                "sha256:7dfb439562f234f7d57b1ac6bc8fe7f838a4bd49c79230e0f6a1da93e82f1fad",
                "sha256:7fa22993bac7b77b78cae22bad1e2a987ddf0d9015c63358032f84a53f23cdc3",
                "sha256:805ebf596939e48dbb2e4922a1d3852cfc25c38160751ce02da93058b48d252a",
                "sha256:82240051c6ca513c616f7f9da06e871f61bfd7805f566275841af15015b8f98d",
                "sha256:87d4f8125c9988bfbed67af47dd7a953e2fc7b0cc1e7800ec6d2080d490bb353",
                "sha256:8d8ca2b210ada074d57fcee40c30446c9562e542fc46aedc19baf758a93532ee",
                "sha256:8dc232e39d409036af549c86f24aed8273a40ffa459981146829a324e0848b4b",
                "sha256:90387104ee8400a7b4598253b4c406f8958f59fcf983a6cea2b50d59f7d63d0b",
                "sha256:905b0365b210c73afb0ebe9101a32572152dfd1c144c7e28968a331b9217b94a",
                "sha256:99353a06902c2e43b43e8ff74ee65a7d90307d82370604746738a1e0661ccca7",
                "sha256:99a7f72fb6249302aa62245680754862a44179b545ded638cf1fef59befb57ef",
                "sha256:9f0b04c6b8584c2c193babcccc908b38ed29524b29dd464bc8801bf10d746a3a",
                "sha256:9fe611163f6303d1619bbcb653540a4d60f9e55e622d60a3108be0d5b441017a",
                "sha256:a3475b96f5908b3b16c47533daaa87380c491357d197564e0ba34ae75c0f3257",
                "sha256:a6597ff2b61d121172f5844b53f21467f7082f5fb385a9a29c01414463f93b07",
                "sha256:a7921c5a6d31b3d756ec980f2f47c0cfdbce0fc48c22a39347a895f41f4a6ea4",
                "sha256:aa5129de4e174daccbc59d0a3b6d20eaf24417d59851c07ebb37aeb02947987c",
                "sha256:aeaefa96c768fc66818730b952a862235d68825c178f1b3ffd4efd7ad2edcb7c",
                "sha256:afbefa430092f71a9593a99ab6a4e7538bc9eabbf7bf94f91510d3503943edc4",
                "sha256:aff9e4d82d082ff9513bdd6acd4f5bd359f5b2c870907d2b0a9c5e10d40c88fe",
                "sha256:b22bd8c974942477156be55a768f7aa37c46904c175be4e158b6a86e3a6b7ca8",
                "sha256:b290fd8aa38422444d4b50d579de197557f182ef1068b75f5aa8558638b8d0a5",
                "sha256:b2e4b27a6e15b04832fe9bf292b94b5ca156016bbc1ea9c2c20098a0320d6cf6",
                "sha256:b583dc9070312190192631373c6c8ed277254aa6e6084b74bdd0a6d3b221608e",
                "sha256:b87843e225e74576437fd5b6a4c2205d422754f84a06942cfaf1dc32243e45a8",
                "sha256:bc91a56697869546d1b8f0a3ff35224557ae7f881050e99f615e0119bf934b4e",
                "sha256:bd87e140e45399c818fac4247880b9ce719e4783d767e030a883a970be632275",
                "sha256:bde737cff1a975b70652b62d626f7785e0480918dece11e8fef3c0cf057351c3",
                "sha256:bdee52571a343d721fb2eb3b090a82d959ff37fc631e3f70422e0c2e029f3e76",
                "sha256:bee2a6db3a7242ea309aa7ee8e2780726fed67ff4e5b40169f2c940e7eb09227",
                "sha256:beeae3f27f62308f1ddbcfb0690bf44b10732f2ef43758f169d5e9303165d3f9",
                "sha256:c50f36a62a22d350c96e49ad02d0da41dbd17ddc2e29750dbdba4323f85eb4a5",
                "sha256:c607c90ba67533e1b2355b821fef6764d1dd2cbe26b8c1005ae84f7aea25ff79",
                "sha256:c7b2a63fd6d5246349f3d3f37b14430d73ee7e8173154461785e43036ffa96ca",
                "sha256:c828a1ae702fc712978bda0320ba1b9893d99be0badf2647f693cc01cf0f04fa",
                "sha256:c85de1136429c524e55cfa4e033b4a7940ac5c8ee4d9401cc2d1bf48154bbc7b",
                "sha256:c98fa880d695de164b4135a52fd2e9cd7b7c90a9d8ac5e9e443a24a95ef9248e",
                "sha256:cae81479f77420d217def5f54b5b9d279804d17e982e0f2fa19b1d1e14ab5197",
                "sha256:d034140032870024e6b9892c692fe2968493790dd57208b2c37e3fb35f6df3ab",
                "sha256:d120c38a42c234dc9a8c5de7ceaaf899cf33561956acb4941653f8bdc657aa79",
                "sha256:d4827615da15cd59784ce39d3388275ec093ae3ee8d7f0c089b76fa87af756c2",
                "sha256:d49e2314c373f4c2b39446fb1a45ed333c850e09d0c59ac79b72eb3b95397363",
                "sha256:d52610d51e265a51518692045e372a4c363056130d922a7351429ac9f27e70b0",
                "sha256:d64317d2587c70324b79861babb9c09f71fbb780bad212018874b2c013d8600e",
                "sha256:d77153e14b709fd8b8af6f66a3afbb9ed6e9fc5ccf0b6b7e1ced7b036a228782",
                "sha256:d7e091d464ac59d2c7ad8e7e08105eaf9dafbc3883fd7265ffccc2baad6ac925",
                "sha256:dd333073e0cacdc3089525c7df7d39b211bcdf31fc2824e49d01c6b6187b07d0",
                "sha256:e5d8efac84c9afcb40914ab49ba063d94f5dbdf5066db4482c66a992f47a3a3b",
                "sha256:f135c702ac42262573fe9714dfe99c944b4ba307af5eb507abef1667e2cbbced",
                "sha256:f13711b1a5ba512d647a0e4ba79280d3a9a045aaf7e0cc6fbe96b91d4cdf6b0c",
                "sha256:f4f1231b7dec408e8670264ce63e9c71409d9583dd21d32c163e25213ee2a344",
                "sha256:fa3ed2a29a9e9d2d488b4da81dcb54720ac3104a20bf0bd273f1e4648aff5af9",
                "sha256:fb3096c30df99fd01c7bf8e544f392103d0795b9f98ba71a8054bcbf56b255f1"
            ],
            "index": "pypi",
            "markers": "python_version >= '3.10'",
            "version": "==12.0.0"
        },
        "pyfmodex": {
            "hashes": [
                "sha256:1c42112b788e80ee7b4b57ae25bbbc0a98eb1e32a8e7c9e1246698cdf72efa9d",
                "sha256:d9ad3d7841a1c4cf4733cbedc69389f84c58a640d23d0ffa083ad6080f35103c"
            ],
            "markers": "python_version >= '3.6' and python_version < '4.0'",
            "version": "==0.7.2"
        },
        "pygments": {
            "hashes": [
                "sha256:636cb2477cec7f8952536970bc533bc43743542f70392ae026374600add5b887",
                "sha256:86540386c03d588bb81d44bc3928634ff26449851e99741617ecb9037ee5ec0b"
            ],
            "markers": "python_version >= '3.8'",
            "version": "==2.19.2"
        },
        "rich": {
            "hashes": [
                "sha256:73ff50c7c0c1c77c8243079283f4edb376f0f6442433aecb8ce7e6d0b92d1fe4",
                "sha256:76bc51fe2e57d2b1be1f96c524b890b816e334ab4c1e45888799bfaab0021edd"
            ],
            "index": "pypi",
            "markers": "python_full_version >= '3.8.0'",
            "version": "==14.2.0"
        },
        "six": {
            "hashes": [
                "sha256:4721f391ed90541fddacab5acf947aa0d3dc7d27b2e1e8eda2be8970586c3274",
                "sha256:ff70335d468e7eb6ec65b95b99d3a2836546063f63acc5171de367e834932a81"
            ],
            "markers": "python_version >= '2.7' and python_version not in '3.0, 3.1, 3.2'",
            "version": "==1.17.0"
        },
        "tabulate": {
            "hashes": [
                "sha256:0095b12bf5966de529c0feb1fa08671671b3368eec77d7ef7ab114be2c068b3c",
                "sha256:024ca478df22e9340661486f85298cff5f6dcdba14f3813e8830015b9ed1948f"
            ],
            "markers": "python_version >= '3.7'",
            "version": "==0.9.0"
        },
        "texture2ddecoder": {
            "hashes": [
                "sha256:073128f915c5ed54d34230c33709b89a88e11b796e57f9d5c734c640b265551d",
                "sha256:185e317b5459f9f4f2429e471f6300a3a8fe11e858048c4105927d342718f946",
                "sha256:19f00acb3a25b285c5b3e5a7bc22adb4d90db401c450695e98463585998a5715",
                "sha256:1fd60db331483094a9c7b84e1188222bb545987a11e3161f217f829e1e9c165f",
                "sha256:35153d47b134c61808ae64692bf78b991cd1cacf8e600058b92ac780d81b883b",
                "sha256:3be7cc2bce9ce117fa0d8cac2fd8c13a362bd0512625bf39989581796927d6d9",
                "sha256:3d94ae1a87712908286bc5cc9e6ad173a9357aaf33937507cba2ad4305ed8344",
                "sha256:3f620e32e47ca1b8f0f9ea2497e195ac0ac5104aa03511fc8a75fc3476907d73",
                "sha256:49fa46e3f10d226a3ead5a11288f781bdd589ff80e649dec8c68cc04b45384e1",
                "sha256:500e41c12227d5f0e4065ea7047e69fdcbd773a1602ee64f5d34656330bd7c9e",
                "sha256:6ee16f7ebb98e227875f3bbd36be3c65b8d84296200b2624e5064f069bb5588f",
                "sha256:719f0e17b66e3269662ff6bb05167b61df6897ec3555caefc58731d14d0dad39",
                "sha256:7767e865394ad8e0a0609d275caf3e8c99d03df107dfb961cb90ea21c9295dc2",
                "sha256:7a851cf54e0918d52e63b248129dab8a0bdc98d0237e4da7a85812ce0da101e7",
                "sha256:7d21f2866b2bb21f01910b99164bed8a8cc70d2f2be5fd5bf37db1a87a781389",
                "sha256:7dbd6eb6b2364b0557ed08f5fa9d189ba6ca005a0b73300ac8f3b5f738e0b8f3",
                "sha256:837a52ed52206ea4a414fd468228ad7fab6a07ad5b31ebcc554dab4c59e81af7",
                "sha256:869c3563bf03eb0af751812d5d42f9b6a33fbd647196e3812060eba89a0b7dcc",
                "sha256:8d027e52b0ed6f710a70d8ff4164920b9d5b676246eb77dc856ed97e662ddafa",
                "sha256:92d083172d9e1e5fd8f2ecaac562184309bd3cd92b28e6ed409103519cf908e6",
                "sha256:939dd5773b685ffa4f241d1cfebbef070309a52e78aa4221ff2286499d1ab521",
                "sha256:958e82c0fe8f831e317304193d83110566736fa7b03698a97aeb8f6f09828fa1",
                "sha256:9a74d7ca2650adb72d5ee84716b5b95803497bb851baf1d59ff35a76cc91eece",
                "sha256:9b10cdcdde82211f358cee2a85b1ca0fb41a652cc660596b8cc52e8cbb0ba59d",
                "sha256:a0eb8160949a2f5b79ff1eff24eec79d578e1da8a0f3261f61b879c4522e45bc",
                "sha256:a61c40d96ab0567e0b850114e215885ac8f9786580df10a076e6ac7ef33aa75b",
                "sha256:a9dbf2825d74f26d489a4f971e55d57f85397054daef804cfec2e88b5d5247b8",
                "sha256:b0ec4e2d3d1b747a2abc7e0ad64e6162104701592d36bb5b0ae7beb4de61f5b8",
                "sha256:bbb8b288582a32e6f0e850261a6e19d67fee0cd7b80c58f0479d930587c3f797",
                "sha256:bca2468fae272cc73d50fa81b54f5584a0b5b4b76327c32cf735246785f34382",
                "sha256:ca0d30fefaf87414efd73df0089da87ca5e0db2159b8229e2cad32c098436b4f",
                "sha256:cc79c8042f792b156d822941c8b57457f0170b89ef52933fe3216a9db30e4a4c",
                "sha256:cd5707222d488226fd833eb65409e23038a20e77cc3911581628b2d8dc37c997",
                "sha256:ce2abddad1d6ce670a17908901998d3d6a88984c065079f7123e384f159804a2",
                "sha256:d037c4071eaeb1b772ccf17dcd1be0ebd1a01a6565f297182346bbafb7acc25e",
                "sha256:d2a4aa07aabd1f542199c730664d3e6d4b6cde6622bc90d3bd70267301f70f62",
                "sha256:e449dc9dc7d59bd5fea302b8b80dcef26a31d53a7ff9e59cd7749b5306138f26",
                "sha256:f5216e848774a396fa58c9674be6333d0b9f0d8f923fdc3ce82b59dc29196e06",
                "sha256:fb59578961679fac0ef6dfaf5ec42067357c770f291a861a152466bab7c473fd",
                "sha256:ffc86b8b0d6c88c82eb0485e74de3f68d0f136fd5d19fd99efd95fc682bad52b"
            ],
            "markers": "python_version >= '3.7'",
            "version": "==1.0.5"
        },
        "unitypy": {
            "hashes": [
                "sha256:0285eaf115dcb701fd6d45beaa997da6f62580dd556f00f79ac2e5a9474b6ed9",
                "sha256:044a2226ecacf2523fd83f786df6b172e6c25321e2ca4fc85f4439f71d90fd22",
                "sha256:04dcd8339504402a414ce56507be699d08e9294dbd6ff4077841390a335e88da",
                "sha256:05b055cf56177193213fc8ac92db3369957cff7c1a8094487a7075503df96a1e",
                "sha256:09be19c0246fbdb782c045a819a929625248ffd6bbff1a6ac8a0d2009c4ccba8",
                "sha256:22f6d675618315bf7b25a54c4be048c4ad1ce2c807978daa27f1f112039db789",
                "sha256:235b3c56f316c6610e1967ce8bce48eea2b7cba340aa231fbc0ee19678bde2ba",
                "sha256:26b246aa59915a284ec98ee395b7a77c83b7e4b9d0793d7c4b7ccb030a2d8f38",
                "sha256:30e65c3e259c46f0a321ba19d7f771ddc168b9c24b1cda6f722c870aefab7451",
                "sha256:3544b394c0d11b0ce0c20a30638b584c2584195f2d64894fcbbda9085e81e796",
                "sha256:393c84e77ab867b12fd4de7a90a66748150d063674bbfb303a1164f2e00b6f09",
                "sha256:3f8807227c7bb867b717f46f38e2580daefba817e8e994630f9dbb208a503e25",
                "sha256:416954e4e65fd6972ae33402f629a6aad5f073da2d719c7b3e5b89ea8d9e49c7",
                "sha256:56f8fe859636fdc10b1eef3d39bc39b6abfea95c5e152a25899d3bc904312711",
                "sha256:5aac2028000b1a2a3beb683717d1e75febc46503cabaa0d6e6d8a2eb3fb96138",
                "sha256:5b5f89ef75eed11b2e85449443a69b3e64482777180f35c226007fdec63821e5",
                "sha256:683762ef18c72aca4e3da25437f0dcd36b9040394033ede476c3342a3e31e8b0",
                "sha256:6e2b9c9bfb5b63db829d76fda478bafa27277abd1a64c96dcfd63487ef38f073",
                "sha256:7a8978a5a35e86b8c168cf9e3a0f0b56c0a8f391cd212a496c9dd9a9c7c3e3d2",
                "sha256:8414f5157ef4ea15e8aed9d825866bd4d7f7484b96a1d4b9bd7684e7d8e39ad8",
                "sha256:8b59ca338d54f9618af8bdf1c8513ad0574cbf9edf22d8b663be276eb3d5f501",
                "sha256:962b4fb221714cf0f1b5f1e3290867ca75fedcb20fd1f63f0ee5ae2832f8ba43",
                "sha256:b1d2e219cc1005211e5d9857347b90304b282b1736eec8480cf02ec3d15cc3fc",
                "sha256:becea593e213ade2b92cc25eaf022154014e2c647c60710eb973de5f434ec4d6",
                "sha256:c81045005cddd037c1fda176f26dd3fe4a7f27d028e75b0c263a6f0ee8491d0b",
                "sha256:c87daee0d39798209618c48c54bbdd01d81fa38dc508b40150875c7a7a631fc4",
                "sha256:d1ab7d08a4cbfb190140ed81cfab7b047bc96cb8eb59d69e268bb24de5d78a92",
                "sha256:d26cc4cb498565c737a9ba731627282e6a64906918672dead281876857781069",
                "sha256:d9c057d37374678fec41692458b269ad02686457e341790fe120be3fd42db20a",
                "sha256:d9e734312391f452b639d46c41e704495f00528f22cdf0a0813454b9a93cdd30",
                "sha256:db50cbb94d49b71424b26188414812733658a614e1e926cf5a93f1345d3b71af",
                "sha256:dcef8d076bbe3af8294f03c97fe4d86521932a4cd50e545695b4449bcba6edcb",
                "sha256:e2aaa9b0bbfea8af60fd80bf6e5a9487c1bfa1b871861bbc461bc26dcbeaeaaf",
                "sha256:e6fe1001f9faab352760d15691616a138df013472769dacbbaaf9693b248e026",
                "sha256:e7de213c06b1a6deb8667b2ca481832b3ac96f8b1bfbeee60a60978963f4907a",
                "sha256:fe65ac96b444d836f0268de3afd343cc93349e867ee152bc7b9c75e34989722e"
            ],
            "index": "pypi",
            "markers": "python_version >= '3.6'",
            "version": "==1.10.18"
        },
        "urllib3": {
            "hashes": [
                "sha256:3fc47733c7e419d4bc3f6b3dc2b4f890bb743906a30d56ba4a5bfa4bbff92760",
                "sha256:e6b01673c0fa6a13e374b50871808eb3bf7046c4b125b216f6bf1cc604cff0dc"
            ],
            "markers": "python_version >= '3.9'",
            "version": "==2.5.0"
        }
    },
    "develop": {}
}
